
Microsoft Visual Studio Solution File, Format Version 12.00
# Visual Studio Version 17
VisualStudioVersion = 17.6.33801.468
MinimumVisualStudioVersion = 10.0.40219.1
Project("{9A19103F-16F7-4668-BE54-9A1E7A4F7556}") = "ProjectManager.Domain", "src\ProjectManager.Domain\ProjectManager.Domain.csproj", "{38235C28-DFB1-437B-9919-7DC84A4BBDE3}"
EndProject
Project("{9A19103F-16F7-4668-BE54-9A1E7A4F7556}") = "ProjectManager.Application", "src\ProjectManager.Application\ProjectManager.Application.csproj", "{FF1F4339-AAC8-4DDE-9136-267ACAAEBC01}"
EndProject
Project("{2150E333-8FDC-42A3-9474-1A3956D46DE8}") = "tests", "tests", "{0B117E19-D3E6-4BD2-BBB3-2B7F49026A94}"
EndProject
Project("{9A19103F-16F7-4668-BE54-9A1E7A4F7556}") = "UnitTests", "tests\UnitTests\UnitTests.csproj", "{6FAFDF4A-8E9D-4A18-B2C3-482A6132BBDC}"
EndProject
Project("{FAE04EC0-301F-11D3-BF4B-00C04F79EFBC}") = "ProjectManager.Persistence", "src\ProjectManager.Persistence\ProjectManager.Persistence.csproj", "{879B5DCE-3313-4887-AE7E-BEA4F9BE5F23}"
EndProject
Project("{FAE04EC0-301F-11D3-BF4B-00C04F79EFBC}") = "IntegrationTests", "tests\IntegrationTests\IntegrationTests.csproj", "{E41EBF2D-0400-4C2A-9500-81124C225E8E}"
EndProject
Global
	GlobalSection(SolutionConfigurationPlatforms) = preSolution
		Debug|Any CPU = Debug|Any CPU
		Release|Any CPU = Release|Any CPU
	EndGlobalSection
	GlobalSection(ProjectConfigurationPlatforms) = postSolution
		{38235C28-DFB1-437B-9919-7DC84A4BBDE3}.Debug|Any CPU.ActiveCfg = Debug|Any CPU
		{38235C28-DFB1-437B-9919-7DC84A4BBDE3}.Debug|Any CPU.Build.0 = Debug|Any CPU
		{38235C28-DFB1-437B-9919-7DC84A4BBDE3}.Release|Any CPU.ActiveCfg = Release|Any CPU
		{38235C28-DFB1-437B-9919-7DC84A4BBDE3}.Release|Any CPU.Build.0 = Release|Any CPU
		{FF1F4339-AAC8-4DDE-9136-267ACAAEBC01}.Debug|Any CPU.ActiveCfg = Debug|Any CPU
		{FF1F4339-AAC8-4DDE-9136-267ACAAEBC01}.Debug|Any CPU.Build.0 = Debug|Any CPU
		{FF1F4339-AAC8-4DDE-9136-267ACAAEBC01}.Release|Any CPU.ActiveCfg = Release|Any CPU
		{FF1F4339-AAC8-4DDE-9136-267ACAAEBC01}.Release|Any CPU.Build.0 = Release|Any CPU
		{6FAFDF4A-8E9D-4A18-B2C3-482A6132BBDC}.Debug|Any CPU.ActiveCfg = Debug|Any CPU
		{6FAFDF4A-8E9D-4A18-B2C3-482A6132BBDC}.Debug|Any CPU.Build.0 = Debug|Any CPU
		{6FAFDF4A-8E9D-4A18-B2C3-482A6132BBDC}.Release|Any CPU.ActiveCfg = Release|Any CPU
		{6FAFDF4A-8E9D-4A18-B2C3-482A6132BBDC}.Release|Any CPU.Build.0 = Release|Any CPU
		{879B5DCE-3313-4887-AE7E-BEA4F9BE5F23}.Debug|Any CPU.ActiveCfg = Debug|Any CPU
		{879B5DCE-3313-4887-AE7E-BEA4F9BE5F23}.Debug|Any CPU.Build.0 = Debug|Any CPU
		{879B5DCE-3313-4887-AE7E-BEA4F9BE5F23}.Release|Any CPU.ActiveCfg = Release|Any CPU
		{879B5DCE-3313-4887-AE7E-BEA4F9BE5F23}.Release|Any CPU.Build.0 = Release|Any CPU
		{E41EBF2D-0400-4C2A-9500-81124C225E8E}.Debug|Any CPU.ActiveCfg = Debug|Any CPU
		{E41EBF2D-0400-4C2A-9500-81124C225E8E}.Debug|Any CPU.Build.0 = Debug|Any CPU
		{E41EBF2D-0400-4C2A-9500-81124C225E8E}.Release|Any CPU.ActiveCfg = Release|Any CPU
		{E41EBF2D-0400-4C2A-9500-81124C225E8E}.Release|Any CPU.Build.0 = Release|Any CPU
	EndGlobalSection
	GlobalSection(SolutionProperties) = preSolution
		HideSolutionNode = FALSE
	EndGlobalSection
	GlobalSection(NestedProjects) = preSolution
		{6FAFDF4A-8E9D-4A18-B2C3-482A6132BBDC} = {0B117E19-D3E6-4BD2-BBB3-2B7F49026A94}
		{E41EBF2D-0400-4C2A-9500-81124C225E8E} = {0B117E19-D3E6-4BD2-BBB3-2B7F49026A94}
	EndGlobalSection
	GlobalSection(ExtensibilityGlobals) = postSolution
		SolutionGuid = {F68C20E5-E9AF-4AA9-A2A1-4603D959BB06}
	EndGlobalSection
EndGlobal
